# This file is generated by running "yarn install" inside your project.
# Manual changes might be lost - proceed with caution!

__metadata:
  version: 4
  cacheKey: 8

"@prisma/client@npm:3.1.1":
  version: 3.1.1
  resolution: "@prisma/client@npm:3.1.1"
  dependencies:
    "@prisma/engines-version": 3.1.0-24.c22652b7e418506fab23052d569b85d3aec4883f
  peerDependencies:
    prisma: "*"
  peerDependenciesMeta:
    prisma:
      optional: true
  checksum: 340af98c734922957af282474d28e741110fe9d29b7d2a0b71ae125a05a45ec9f0eaaadf90e92a7129411bba6e5483d6042e5a6169d4df557d329c561d25520b
  languageName: node
  linkType: hard

"@prisma/engines-version@npm:3.1.0-24.c22652b7e418506fab23052d569b85d3aec4883f":
  version: 3.1.0-24.c22652b7e418506fab23052d569b85d3aec4883f
  resolution: "@prisma/engines-version@npm:3.1.0-24.c22652b7e418506fab23052d569b85d3aec4883f"
  checksum: ec5a1a75bdc1f4bf3e115e28486faabb0c5cb16ed4299fab328e07b867c77cafadadcd1d92dae057429f0e8ac7d079320ecbe8b6555760daed4b9ac296781b36
  languageName: node
  linkType: hard

"@prisma/engines@npm:3.1.0-24.c22652b7e418506fab23052d569b85d3aec4883f":
  version: 3.1.0-24.c22652b7e418506fab23052d569b85d3aec4883f
  resolution: "@prisma/engines@npm:3.1.0-24.c22652b7e418506fab23052d569b85d3aec4883f"
  checksum: 4933734151d31eeffcefb31e8e036f599588f58e4eb13294230465e77a2f07e90194bb09da04bdb1beffafe7c8f157bf70b83b5aa05957a267faca9d4eb418e7
  languageName: node
  linkType: hard

"prisma-bug-9503@workspace:.":
  version: 0.0.0-use.local
  resolution: "prisma-bug-9503@workspace:."
  dependencies:
    "@prisma/client": 3.1.1
    prisma: 3.1.1
  languageName: unknown
  linkType: soft

"prisma@npm:3.1.1":
  version: 3.1.1
  resolution: "prisma@npm:3.1.1"
  dependencies:
    "@prisma/engines": 3.1.0-24.c22652b7e418506fab23052d569b85d3aec4883f
  bin:
    prisma: build/index.js
    prisma2: build/index.js
  checksum: 2197b8dbe4a5c91948248f6dffdd40a46fd699e906515fdb3cfc42cee5619b865b0d5080084e4292bf00cb20423be87d1674bea16af9acb07050148dad2ccc32
  languageName: node
  linkType: hard
